
Microsoft Visual Studio Solution File, Format Version 12.00
# Visual Studio Version 16
VisualStudioVersion = 16.0.30611.23
MinimumVisualStudioVersion = 10.0.40219.1
Project("{FAE04EC0-301F-11D3-BF4B-00C04F79EFBC}") = "Queis", "Queis.csproj", "{3215A1DE-4243-414A-8A4E-46AF39023660}"
EndProject
Global
	GlobalSection(SolutionConfigurationPlatforms) = preSolution
		Debug|Any CPU = Debug|Any CPU
		Release|Any CPU = Release|Any CPU
	EndGlobalSection
	GlobalSection(ProjectConfigurationPlatforms) = postSolution
		{3215A1DE-4243-414A-8A4E-46AF39023660}.Debug|Any CPU.ActiveCfg = Debug|Any CPU
		{3215A1DE-4243-414A-8A4E-46AF39023660}.Debug|Any CPU.Build.0 = Debug|Any CPU
		{3215A1DE-4243-414A-8A4E-46AF39023660}.Release|Any CPU.ActiveCfg = Release|Any CPU
		{3215A1DE-4243-414A-8A4E-46AF39023660}.Release|Any CPU.Build.0 = Release|Any CPU
	EndGlobalSection
	GlobalSection(SolutionProperties) = preSolution
		HideSolutionNode = FALSE
	EndGlobalSection
	GlobalSection(ExtensibilityGlobals) = postSolution
		SolutionGuid = {85B62DF5-DF38-40BD-8787-C4904E163DDC}
	EndGlobalSection
EndGlobal
